
Microsoft Visual Studio Solution File, Format Version 12.00
# Visual Studio Version 17
VisualStudioVersion = 17.8.34322.80
MinimumVisualStudioVersion = 10.0.40219.1
Project("{9A19103F-16F7-4668-BE54-9A1E7A4F7556}") = "SportProject", "SportProject\SportProject.csproj", "{0D5B5442-46F1-4002-832A-E0B314209645}"
EndProject
Project("{2150E333-8FDC-42A3-9474-1A3956D46DE8}") = "솔루션 항목", "솔루션 항목", "{31DA8B7B-1140-49FD-B232-0EC4FF348113}"
	ProjectSection(SolutionItems) = preProject
		Dockerfile.cs = Dockerfile.cs
	EndProjectSection
EndProject
Global
	GlobalSection(SolutionConfigurationPlatforms) = preSolution
		Debug|Any CPU = Debug|Any CPU
		Release|Any CPU = Release|Any CPU
	EndGlobalSection
	GlobalSection(ProjectConfigurationPlatforms) = postSolution
		{0D5B5442-46F1-4002-832A-E0B314209645}.Debug|Any CPU.ActiveCfg = Debug|Any CPU
		{0D5B5442-46F1-4002-832A-E0B314209645}.Debug|Any CPU.Build.0 = Debug|Any CPU
		{0D5B5442-46F1-4002-832A-E0B314209645}.Release|Any CPU.ActiveCfg = Release|Any CPU
		{0D5B5442-46F1-4002-832A-E0B314209645}.Release|Any CPU.Build.0 = Release|Any CPU
	EndGlobalSection
	GlobalSection(SolutionProperties) = preSolution
		HideSolutionNode = FALSE
	EndGlobalSection
	GlobalSection(ExtensibilityGlobals) = postSolution
		SolutionGuid = {445B23E5-B537-408F-AB0B-C75C82925B76}
	EndGlobalSection
EndGlobal
